# Code generated by scarb DO NOT EDIT.
version = 1

[[package]]
name = "bounded_int"
version = "0.1.0"

[[package]]
name = "snforge_scarb_plugin"
version = "0.61.0"
source = "registry+https://scarbs.xyz/"
checksum = "sha256:6b5d7d4e3fc03b00a9913cb31c9bcf2a1fde23c10760e776fdac493b1f39086b"

[[package]]
name = "snforge_std"
version = "0.61.0"
source = "registry+https://scarbs.xyz/"
checksum = "sha256:e54712a6a33b746e1898db099688ed8b980eaed24d4dd21abf54285f04cf3aeb"
dependencies = [
 "snforge_scarb_plugin",
]

[[package]]
name = "stwo_cairo_air"
version = "0.1.0"
dependencies = [
 "bounded_int",
 "stwo_constraint_framework",
 "stwo_verifier_core",
 "stwo_verifier_utils",
]

[[package]]
name = "stwo_circuit_air"
version = "0.1.0"
dependencies = [
 "bounded_int",
 "stwo_constraint_framework",
 "stwo_verifier_core",
 "stwo_verifier_utils",
]

[[package]]
name = "stwo_circuit_verifier_contract"
version = "0.1.0"
dependencies = [
 "stwo_circuit_air",
]

[[package]]
name = "stwo_constraint_framework"
version = "0.1.0"
dependencies = [
 "stwo_verifier_core",
]

[[package]]
name = "stwo_fact_binding"
version = "0.1.0"
dependencies = [
 "stwo_verifier_utils",
]

[[package]]
name = "stwo_fact_registry"
version = "0.1.0"
dependencies = [
 "snforge_std",
 "stwo_verifier_phases",
]

[[package]]
name = "stwo_full_verifier_phases"
version = "0.1.0"
dependencies = [
 "snforge_std",
 "stwo_cairo_air",
 "stwo_constraint_framework",
 "stwo_verifier_core",
 "stwo_verifier_utils",
]

[[package]]
name = "stwo_verifier_contract"
version = "0.1.0"
dependencies = [
 "stwo_cairo_air",
]

[[package]]
name = "stwo_verifier_core"
version = "0.1.0"
dependencies = [
 "bounded_int",
 "stwo_verifier_utils",
]

[[package]]
name = "stwo_verifier_phases"
version = "0.1.0"
dependencies = [
 "stwo_circuit_air",
 "stwo_constraint_framework",
 "stwo_verifier_core",
 "stwo_verifier_utils",
]

[[package]]
name = "stwo_verifier_utils"
version = "0.1.0"
dependencies = [
 "bounded_int",
]
